
Microsoft Visual Studio Solution File, Format Version 12.00
# Visual Studio Version 17
VisualStudioVersion = 17.2.32602.215
MinimumVisualStudioVersion = 10.0.40219.1
Project("{FAE04EC0-301F-11D3-BF4B-00C04F79EFBC}") = "OddEven", "OddEven\OddEven.csproj", "{A72D20D3-9929-4336-A112-6644270A931E}"
EndProject
Global
	GlobalSection(SolutionConfigurationPlatforms) = preSolution
		Debug|Any CPU = Debug|Any CPU
		Release|Any CPU = Release|Any CPU
	EndGlobalSection
	GlobalSection(ProjectConfigurationPlatforms) = postSolution
		{A72D20D3-9929-4336-A112-6644270A931E}.Debug|Any CPU.ActiveCfg = Debug|Any CPU
		{A72D20D3-9929-4336-A112-6644270A931E}.Debug|Any CPU.Build.0 = Debug|Any CPU
		{A72D20D3-9929-4336-A112-6644270A931E}.Release|Any CPU.ActiveCfg = Release|Any CPU
		{A72D20D3-9929-4336-A112-6644270A931E}.Release|Any CPU.Build.0 = Release|Any CPU
	EndGlobalSection
	GlobalSection(SolutionProperties) = preSolution
		HideSolutionNode = FALSE
	EndGlobalSection
	GlobalSection(ExtensibilityGlobals) = postSolution
		SolutionGuid = {0D1C7D2C-1940-49F4-BEE6-CFF52AA243A0}
	EndGlobalSection
EndGlobal
